
Microsoft Visual Studio Solution File, Format Version 12.00
# Visual Studio Version 17
VisualStudioVersion = 17.1.32228.430
MinimumVisualStudioVersion = 10.0.40219.1
Project("{FAE04EC0-301F-11D3-BF4B-00C04F79EFBC}") = "AuthoringAndCustomization", "AuthoringAndCustomization.csproj", "{EB08C20C-EA72-47C9-AA2A-85D98A175373}"
EndProject
Global
	GlobalSection(SolutionConfigurationPlatforms) = preSolution
		Debug|Any CPU = Debug|Any CPU
		Release|Any CPU = Release|Any CPU
	EndGlobalSection
	GlobalSection(ProjectConfigurationPlatforms) = postSolution
		{EB08C20C-EA72-47C9-AA2A-85D98A175373}.Debug|Any CPU.ActiveCfg = Debug|Any CPU
		{EB08C20C-EA72-47C9-AA2A-85D98A175373}.Debug|Any CPU.Build.0 = Debug|Any CPU
		{EB08C20C-EA72-47C9-AA2A-85D98A175373}.Release|Any CPU.ActiveCfg = Release|Any CPU
		{EB08C20C-EA72-47C9-AA2A-85D98A175373}.Release|Any CPU.Build.0 = Release|Any CPU
	EndGlobalSection
	GlobalSection(SolutionProperties) = preSolution
		HideSolutionNode = FALSE
	EndGlobalSection
	GlobalSection(ExtensibilityGlobals) = postSolution
		SolutionGuid = {3D5BE203-7905-448A-9473-D7171A0720A1}
	EndGlobalSection
EndGlobal
